
Microsoft Visual Studio Solution File, Format Version 12.00
# Visual Studio 15
VisualStudioVersion = 15.0.26730.10
MinimumVisualStudioVersion = 10.0.40219.1
Project("{FAE04EC0-301F-11D3-BF4B-00C04F79EFBC}") = "Fiver.CSharp.Reflection", "Fiver.CSharp.Reflection\Fiver.CSharp.Reflection.csproj", "{EADE0B6F-17AD-4571-957F-21DBECE618EC}"
EndProject
Project("{FAE04EC0-301F-11D3-BF4B-00C04F79EFBC}") = "Fiver.CSharp.Reflection.Abstractions", "Fiver.CSharp.Reflection.Abstractions\Fiver.CSharp.Reflection.Abstractions.csproj", "{B73531F2-140D-4E70-8EED-C8A0CC43DAA0}"
EndProject
Project("{FAE04EC0-301F-11D3-BF4B-00C04F79EFBC}") = "Fiver.CSharp.Reflection.Impl1", "Fiver.CSharp.Reflection.Impl1\Fiver.CSharp.Reflection.Impl1.csproj", "{E27E1B0A-F43E-4E9A-8F31-58AB839B6D65}"
EndProject
Project("{FAE04EC0-301F-11D3-BF4B-00C04F79EFBC}") = "Fiver.CSharp.Reflection.Impl2", "Fiver.CSharp.Reflection.Impl2\Fiver.CSharp.Reflection.Impl2.csproj", "{ABF86609-6CA8-4366-A4EC-BBC8FDC1B9B5}"
EndProject
Global
	GlobalSection(SolutionConfigurationPlatforms) = preSolution
		Debug|Any CPU = Debug|Any CPU
		Release|Any CPU = Release|Any CPU
	EndGlobalSection
	GlobalSection(ProjectConfigurationPlatforms) = postSolution
		{EADE0B6F-17AD-4571-957F-21DBECE618EC}.Debug|Any CPU.ActiveCfg = Debug|Any CPU
		{EADE0B6F-17AD-4571-957F-21DBECE618EC}.Debug|Any CPU.Build.0 = Debug|Any CPU
		{EADE0B6F-17AD-4571-957F-21DBECE618EC}.Release|Any CPU.ActiveCfg = Release|Any CPU
		{EADE0B6F-17AD-4571-957F-21DBECE618EC}.Release|Any CPU.Build.0 = Release|Any CPU
		{B73531F2-140D-4E70-8EED-C8A0CC43DAA0}.Debug|Any CPU.ActiveCfg = Debug|Any CPU
		{B73531F2-140D-4E70-8EED-C8A0CC43DAA0}.Debug|Any CPU.Build.0 = Debug|Any CPU
		{B73531F2-140D-4E70-8EED-C8A0CC43DAA0}.Release|Any CPU.ActiveCfg = Release|Any CPU
		{B73531F2-140D-4E70-8EED-C8A0CC43DAA0}.Release|Any CPU.Build.0 = Release|Any CPU
		{E27E1B0A-F43E-4E9A-8F31-58AB839B6D65}.Debug|Any CPU.ActiveCfg = Debug|Any CPU
		{E27E1B0A-F43E-4E9A-8F31-58AB839B6D65}.Debug|Any CPU.Build.0 = Debug|Any CPU
		{E27E1B0A-F43E-4E9A-8F31-58AB839B6D65}.Release|Any CPU.ActiveCfg = Release|Any CPU
		{E27E1B0A-F43E-4E9A-8F31-58AB839B6D65}.Release|Any CPU.Build.0 = Release|Any CPU
		{ABF86609-6CA8-4366-A4EC-BBC8FDC1B9B5}.Debug|Any CPU.ActiveCfg = Debug|Any CPU
		{ABF86609-6CA8-4366-A4EC-BBC8FDC1B9B5}.Debug|Any CPU.Build.0 = Debug|Any CPU
		{ABF86609-6CA8-4366-A4EC-BBC8FDC1B9B5}.Release|Any CPU.ActiveCfg = Release|Any CPU
		{ABF86609-6CA8-4366-A4EC-BBC8FDC1B9B5}.Release|Any CPU.Build.0 = Release|Any CPU
	EndGlobalSection
	GlobalSection(SolutionProperties) = preSolution
		HideSolutionNode = FALSE
	EndGlobalSection
	GlobalSection(ExtensibilityGlobals) = postSolution
		SolutionGuid = {F409BD5F-F00F-4D5D-96A7-291C43AB3566}
	EndGlobalSection
EndGlobal
